
Microsoft Visual Studio Solution File, Format Version 12.00
# Visual Studio Version 16
VisualStudioVersion = 16.0.30114.105
MinimumVisualStudioVersion = 10.0.40219.1
Project("{FAE04EC0-301F-11D3-BF4B-00C04F79EFBC}") = "workoutapp", "workoutapp\workoutapp.csproj", "{6C7F1FC7-5577-427F-BB1B-185279BD25FE}"
EndProject
Global
	GlobalSection(SolutionConfigurationPlatforms) = preSolution
		Debug|Any CPU = Debug|Any CPU
		Release|Any CPU = Release|Any CPU
	EndGlobalSection
	GlobalSection(ProjectConfigurationPlatforms) = postSolution
		{6C7F1FC7-5577-427F-BB1B-185279BD25FE}.Debug|Any CPU.ActiveCfg = Debug|Any CPU
		{6C7F1FC7-5577-427F-BB1B-185279BD25FE}.Debug|Any CPU.Build.0 = Debug|Any CPU
		{6C7F1FC7-5577-427F-BB1B-185279BD25FE}.Release|Any CPU.ActiveCfg = Release|Any CPU
		{6C7F1FC7-5577-427F-BB1B-185279BD25FE}.Release|Any CPU.Build.0 = Release|Any CPU
	EndGlobalSection
	GlobalSection(SolutionProperties) = preSolution
		HideSolutionNode = FALSE
	EndGlobalSection
	GlobalSection(ExtensibilityGlobals) = postSolution
		SolutionGuid = {E9BD0C54-3187-4C9E-AED7-6F3F5111F6A7}
	EndGlobalSection
EndGlobal
